{
  "name": "labplanet",
  "version": "1.0.0",
  "lockfileVersion": 1,
  "requires": true,
  "dependencies": {
    "@alenaksu/json-viewer": {
      "version": "0.1.0",
      "resolved": "https://registry.npmjs.org/@alenaksu/json-viewer/-/json-viewer-0.1.0.tgz",
      "integrity": "sha512-C9l1cWJxpxJu4p2JNBTqmOsC8CFGhHHPuoJgev0kwMLuHcrZ95rSaWGLdlIPIAOJ06xW/msV4OZnO/Loud2Eow==",
      "requires": {
        "@tiny-lit/element": "^2.0.0-alpha.1"
      }
    },
    "@babel/helper-validator-identifier": {
      "version": "7.10.3",
      "resolved": "https://registry.npmjs.org/@babel/helper-validator-identifier/-/helper-validator-identifier-7.10.3.tgz",
      "integrity": "sha512-bU8JvtlYpJSBPuj1VUmKpFGaDZuLxASky3LhaKj3bmpSTY6VWooSM8msk+Z0CZoErFye2tlABF6yDkT3FOPAXw=="
    },
    "@babel/parser": {
      "version": "7.10.3",
      "resolved": "https://registry.npmjs.org/@babel/parser/-/parser-7.10.3.tgz",
      "integrity": "sha512-oJtNJCMFdIMwXGmx+KxuaD7i3b8uS7TTFYW/FNG2BT8m+fmGHoiPYoH0Pe3gya07WuFmM5FCDIr1x0irkD/hyA=="
    },
    "@babel/types": {
      "version": "7.10.3",
      "resolved": "https://registry.npmjs.org/@babel/types/-/types-7.10.3.tgz",
      "integrity": "sha512-nZxaJhBXBQ8HVoIcGsf9qWep3Oh3jCENK54V4mRF7qaJabVsAYdbTtmSD8WmAp1R6ytPiu5apMwSXyxB1WlaBA==",
      "requires": {
        "@babel/helper-validator-identifier": "^7.10.3",
        "lodash": "^4.17.13",
        "to-fast-properties": "^2.0.0"
      }
    },
    "@google-web-components/google-chart": {
      "version": "3.4.0",
      "resolved": "https://registry.npmjs.org/@google-web-components/google-chart/-/google-chart-3.4.0.tgz",
      "integrity": "sha512-YKjhISLbhx3UNajpBfjzpoGvolOguyZZQ+aEKx6edSZb7n7KRE77oKOA2UariEp6hPKAcCZ0wi2CVT1if6uJnQ==",
      "requires": {
        "@polymer/polymer": "^3.0.0"
      }
    },
    "@lrnwebcomponents/hax-body-behaviors": {
      "version": "0.0.35",
      "resolved": "https://registry.npmjs.org/@lrnwebcomponents/hax-body-behaviors/-/hax-body-behaviors-0.0.35.tgz",
      "integrity": "sha512-FgHhStXJkpdtHx8SI4khC8Ud+i82rbXuV3JeQfxVKhty86b/4gMIT8JUsPZayfw7kBC1RyXBE/+uJS/7I41lLw==",
      "requires": {
        "@polymer/polymer": "^3.0.5"
      }
    },
    "@lrnwebcomponents/pdf-element": {
      "version": "0.0.35",
      "resolved": "https://registry.npmjs.org/@lrnwebcomponents/pdf-element/-/pdf-element-0.0.35.tgz",
      "integrity": "sha512-QmRC+IrpnnnZFw8nsVfIm1jZrnvqTHFllvAOMlJmfsSL0riGn8nHawi343Jmqyq1cbE6uK0EQlGncVR+J1YZxA==",
      "requires": {
        "@lrnwebcomponents/hax-body-behaviors": "^0.0.35",
        "@polymer/app-layout": "^3.0.1",
        "@polymer/iron-image": "^3.0.0",
        "@polymer/iron-input": "^3.0.0",
        "@polymer/paper-card": "^3.0.0",
        "@polymer/paper-input": "^3.0.0",
        "@polymer/paper-spinner": "^3.0.0",
        "@polymer/polymer": "^3.0.5",
        "pdfjs-dist": "^2.0.489"
      }
    },
    "@material/animation": {
      "version": "0.40.1",
      "resolved": "https://registry.npmjs.org/@material/animation/-/animation-0.40.1.tgz",
      "integrity": "sha512-HtxFUw04EHg4S6pXfTA3Z0wKxnNDNcDhe1Np2Y2geo+lAk2Hb7m8yCL/GaL9o2I/eRYsgUXC0U7+Mk74GCz3zw=="
    },
    "@material/base": {
      "version": "0.40.1",
      "resolved": "https://registry.npmjs.org/@material/base/-/base-0.40.1.tgz",
      "integrity": "sha512-vrbOK8hONVCYgURQ9h7nkXvMdYnZVVNmAfFFijF8fbWQdwnoPcNTdqV6RoQlhBEqHYHQqLNfdUDlznAPKLclGQ=="
    },
    "@material/elevation": {
      "version": "0.40.1",
      "resolved": "https://registry.npmjs.org/@material/elevation/-/elevation-0.40.1.tgz",
      "integrity": "sha512-VD9ii90WzI+t4df08A9hQIsYLH/N+85a2Mqo10CNVZLZYW5fDOwFH/h7553aNoAuSHKPcGCLdyav9J9oC6TSaQ==",
      "requires": {
        "@material/animation": "^0.40.1",
        "@material/theme": "^0.40.1"
      }
    },
    "@material/form-field": {
      "version": "0.40.1",
      "resolved": "https://registry.npmjs.org/@material/form-field/-/form-field-0.40.1.tgz",
      "integrity": "sha512-1IL/+X9i6C8KBuH13QAnLKBzHlU/DGFvBNfvu2ASVFccxsa4mAs18dFO3n0gvukg2vyOf55lxPXJVkEl34LTVA==",
      "requires": {
        "@material/base": "^0.40.1",
        "@material/rtl": "^0.40.1",
        "@material/selection-control": "^0.40.1",
        "@material/theme": "^0.40.1",
        "@material/typography": "^0.40.1"
      }
    },
    "@material/mwc-base": {
      "version": "0.3.6",
      "resolved": "https://registry.npmjs.org/@material/mwc-base/-/mwc-base-0.3.6.tgz",
      "integrity": "sha512-DVwsTJYCMSgIXzh7yGdn0CW11qz7/QaimPGbQ1jo4zyV/aizbetpKwFlkJj9Ut45/cCqZMlXIU2valjoO0dU8g==",
      "requires": {
        "lit-element": "^2.0.0-rc.2",
        "lit-html": "^1.0.0-rc.2"
      }
    },
    "@material/mwc-formfield": {
      "version": "0.3.6",
      "resolved": "https://registry.npmjs.org/@material/mwc-formfield/-/mwc-formfield-0.3.6.tgz",
      "integrity": "sha512-h/MboPEzqYNEHIYjDa9Q4Q1DhMhgL09g/zpDpqkKXfMm8JWGPO2HPnJIFMWABJyDg1pvvh6pcWBKfa3vPi2Ujw==",
      "requires": {
        "@material/form-field": "^0.40.0",
        "@material/mwc-base": "^0.3.6"
      }
    },
    "@material/mwc-ripple": {
      "version": "0.3.6",
      "resolved": "https://registry.npmjs.org/@material/mwc-ripple/-/mwc-ripple-0.3.6.tgz",
      "integrity": "sha512-fCqIoHX5M7qW2iOitEIlJF0TBl1IhzHpXb1lroXBv1JlGGYWWSd5m+v7ZSJU3Apc8s/IkPsDDCk1vSHv6VyOwA==",
      "requires": {
        "@material/mwc-base": "^0.3.6",
        "@material/ripple": "^0.40.0",
        "lit-html": "^1.0.0"
      }
    },
    "@material/mwc-switch": {
      "version": "0.3.6",
      "resolved": "https://registry.npmjs.org/@material/mwc-switch/-/mwc-switch-0.3.6.tgz",
      "integrity": "sha512-thCIpQd/eHlfziQKKsGfuogOlCJaAfARDEPT9D4N6EShg6qODDIYvU7MFkVYS6yS2YrSbMbe3vdjS6ys77xTmA==",
      "requires": {
        "@material/mwc-base": "^0.3.6",
        "@material/mwc-ripple": "^0.3.6",
        "@material/switch": "^0.40.0"
      }
    },
    "@material/ripple": {
      "version": "0.40.1",
      "resolved": "https://registry.npmjs.org/@material/ripple/-/ripple-0.40.1.tgz",
      "integrity": "sha512-sndeTS4VHa0v1UGj7MNcxMCuO9LJ1DjoL1EjE6BH3Lm3M1MnXJHdsBo2CgPbU/FI84tt6+eyHGOYPdPrEDJhCA==",
      "requires": {
        "@material/animation": "^0.40.1",
        "@material/base": "^0.40.1",
        "@material/theme": "^0.40.1"
      }
    },
    "@material/rtl": {
      "version": "0.40.1",
      "resolved": "https://registry.npmjs.org/@material/rtl/-/rtl-0.40.1.tgz",
      "integrity": "sha512-Pk6Iw1/KrhWZoZtkDsPMDUW0bm7Z1zeXb3MTQRCFmjf1wU5cRxgOTtuoZLcJqlcKGppLAzJL/TJV3E7KEiuL0A=="
    },
    "@material/selection-control": {
      "version": "0.40.1",
      "resolved": "https://registry.npmjs.org/@material/selection-control/-/selection-control-0.40.1.tgz",
      "integrity": "sha512-BbCmSsRz4mTlBaaA5pmrSEL+F6BKR8hjwvo+XQBh8ICT3FbSGg7mhYwjpsQhNQ8J6l7bnh79VYxKGPY6XjSx6g==",
      "requires": {
        "@material/ripple": "^0.40.1"
      }
    },
    "@material/switch": {
      "version": "0.40.1",
      "resolved": "https://registry.npmjs.org/@material/switch/-/switch-0.40.1.tgz",
      "integrity": "sha512-jWskicPUQht7ETlkprF+1fK8I0jKrKN3mnKo6hngbkm+JyZpjfAsN31nhx6sxuuCxWQrQNCEvUz6EolnCPp3zQ==",
      "requires": {
        "@material/animation": "^0.40.1",
        "@material/base": "^0.40.1",
        "@material/elevation": "^0.40.1",
        "@material/ripple": "^0.40.1",
        "@material/rtl": "^0.40.1",
        "@material/selection-control": "^0.40.1",
        "@material/theme": "^0.40.1"
      }
    },
    "@material/theme": {
      "version": "0.40.1",
      "resolved": "https://registry.npmjs.org/@material/theme/-/theme-0.40.1.tgz",
      "integrity": "sha512-cH1CsGIDisEQ2oroZhLTypV0Ir00x3WIwFXnPo7qv3832tuIDkZY623U3rUax6KNPz4Hh1j0tNpTwgrNZwvwWA=="
    },
    "@material/typography": {
      "version": "0.40.1",
      "resolved": "https://registry.npmjs.org/@material/typography/-/typography-0.40.1.tgz",
      "integrity": "sha512-LkW2tAsId8zGKxGA5VIFXV/D1h4vCHQIuALRMaDpHbNGffgr2ubtJNvCh2EQkm19MTv4igVLEjn1Svh0dXcTpA=="
    },
    "@mpachnis/mp-calendar": {
      "version": "3.1.1",
      "resolved": "https://registry.npmjs.org/@mpachnis/mp-calendar/-/mp-calendar-3.1.1.tgz",
      "integrity": "sha512-4BD7dF2qg/QI/2grmHxCE2a0hVU34/l74CiZOTGIvQXp4GGRioi/x5XYhu3s/f0iYB9YY3ZgEGZuEKzO/gCfpg==",
      "requires": {
        "@polymer/polymer": "^3.0.0"
      }
    },
    "@polymer/app-layout": {
      "version": "3.1.0",
      "resolved": "https://registry.npmjs.org/@polymer/app-layout/-/app-layout-3.1.0.tgz",
      "integrity": "sha512-+jf5/TtUDj/la9Vi59ooGNjnTN8JTkyIUK8gxAms0N3MmyeqrmcNLlJKDVyE6IIGKz0WfFeGKqKtmtTLHrZIlg==",
      "requires": {
        "@polymer/iron-flex-layout": "^3.0.0-pre.26",
        "@polymer/iron-media-query": "^3.0.0-pre.26",
        "@polymer/iron-resizable-behavior": "^3.0.0-pre.26",
        "@polymer/iron-scroll-target-behavior": "^3.0.0-pre.26",
        "@polymer/polymer": "^3.0.0"
      }
    },
    "@polymer/app-storage": {
      "version": "3.0.3",
      "resolved": "https://registry.npmjs.org/@polymer/app-storage/-/app-storage-3.0.3.tgz",
      "integrity": "sha512-t9SpRbtU3SHKlavE/CvIPhFmhJ0D4dfdFnHwXCjLHfx2SL+PBCk/dmJNNFaCxmNm7bml8xonGpeqtfvbfzdiyQ==",
      "requires": {
        "@polymer/polymer": "^3.0.0"
      }
    },
    "@polymer/font-roboto": {
      "version": "3.0.2",
      "resolved": "https://registry.npmjs.org/@polymer/font-roboto/-/font-roboto-3.0.2.tgz",
      "integrity": "sha512-tx5TauYSmzsIvmSqepUPDYbs4/Ejz2XbZ1IkD7JEGqkdNUJlh+9KU85G56Tfdk/xjEZ8zorFfN09OSwiMrIQWA=="
    },
    "@polymer/iron-a11y-announcer": {
      "version": "3.1.0",
      "resolved": "https://registry.npmjs.org/@polymer/iron-a11y-announcer/-/iron-a11y-announcer-3.1.0.tgz",
      "integrity": "sha512-lc5i4NKB8kSQHH0Hwu8WS3ym93m+J69OHJWSSBxwd17FI+h2wmgxDzeG9LI4ojMMck17/uc2pLe7g/UHt5/K/A==",
      "requires": {
        "@polymer/polymer": "^3.0.0"
      }
    },
    "@polymer/iron-a11y-keys-behavior": {
      "version": "3.0.1",
      "resolved": "https://registry.npmjs.org/@polymer/iron-a11y-keys-behavior/-/iron-a11y-keys-behavior-3.0.1.tgz",
      "integrity": "sha512-lnrjKq3ysbBPT/74l0Fj0U9H9C35Tpw2C/tpJ8a+5g8Y3YJs1WSZYnEl1yOkw6sEyaxOq/1DkzH0+60gGu5/PQ==",
      "requires": {
        "@polymer/polymer": "^3.0.0"
      }
    },
    "@polymer/iron-ajax": {
      "version": "3.0.1",
      "resolved": "https://registry.npmjs.org/@polymer/iron-ajax/-/iron-ajax-3.0.1.tgz",
      "integrity": "sha512-7+TPEAfWsRdhj1Y8UeF1759ktpVu+c3sG16rJiUC3wF9+woQ9xI1zUm2d59i7Yc3aDEJrR/Q8Y262KlOvyGVNg==",
      "requires": {
        "@polymer/polymer": "^3.0.0"
      }
    },
    "@polymer/iron-autogrow-textarea": {
      "version": "3.0.3",
      "resolved": "https://registry.npmjs.org/@polymer/iron-autogrow-textarea/-/iron-autogrow-textarea-3.0.3.tgz",
      "integrity": "sha512-5r0VkWrIlm0JIp5E5wlnvkw7slK72lFRZXncmrsLZF+6n1dg2rI8jt7xpFzSmUWrqpcyXwyKaGaDvUjl3j4JLA==",
      "requires": {
        "@polymer/iron-behaviors": "^3.0.0-pre.26",
        "@polymer/iron-flex-layout": "^3.0.0-pre.26",
        "@polymer/iron-validatable-behavior": "^3.0.0-pre.26",
        "@polymer/polymer": "^3.0.0"
      }
    },
    "@polymer/iron-behaviors": {
      "version": "3.0.1",
      "resolved": "https://registry.npmjs.org/@polymer/iron-behaviors/-/iron-behaviors-3.0.1.tgz",
      "integrity": "sha512-IMEwcv1lhf1HSQxuyWOUIL0lOBwmeaoSTpgCJeP9IBYnuB1SPQngmfRuHKgK6/m9LQ9F9miC7p3HeQQUdKAE0w==",
      "requires": {
        "@polymer/iron-a11y-keys-behavior": "^3.0.0-pre.26",
        "@polymer/polymer": "^3.0.0"
      }
    },
    "@polymer/iron-checked-element-behavior": {
      "version": "3.0.1",
      "resolved": "https://registry.npmjs.org/@polymer/iron-checked-element-behavior/-/iron-checked-element-behavior-3.0.1.tgz",
      "integrity": "sha512-aDr0cbCNVq49q+pOqa6CZutFh+wWpwPMLpEth9swx+GkAj+gCURhuQkaUYhIo5f2egDbEioR1aeHMnPlU9dQZA==",
      "requires": {
        "@polymer/iron-form-element-behavior": "^3.0.0-pre.26",
        "@polymer/iron-validatable-behavior": "^3.0.0-pre.26",
        "@polymer/polymer": "^3.0.0"
      }
    },
    "@polymer/iron-collapse": {
      "version": "3.0.1",
      "resolved": "https://registry.npmjs.org/@polymer/iron-collapse/-/iron-collapse-3.0.1.tgz",
      "integrity": "sha512-yg6q5ZyckQR9VL9VmLrSTkSFXWy9AcJC8KtnD5cg0EHRPbakE8I9S/gVAgeP4nMWV2a/BjLLC4IBygcCMDhAGw==",
      "requires": {
        "@polymer/iron-resizable-behavior": "^3.0.0-pre.26",
        "@polymer/polymer": "^3.0.0"
      }
    },
    "@polymer/iron-dropdown": {
      "version": "3.0.1",
      "resolved": "https://registry.npmjs.org/@polymer/iron-dropdown/-/iron-dropdown-3.0.1.tgz",
      "integrity": "sha512-22yLhepfcKjuQMfFmRHi/9MPKTqkzgRrmWWW0P5uqK++xle53k2QBO5VYUAYiCN3ZcxIi9lEhZ9YWGeQj2JBig==",
      "requires": {
        "@polymer/iron-behaviors": "^3.0.0-pre.26",
        "@polymer/iron-overlay-behavior": "^3.0.0-pre.27",
        "@polymer/neon-animation": "^3.0.0-pre.26",
        "@polymer/polymer": "^3.0.0"
      }
    },
    "@polymer/iron-fit-behavior": {
      "version": "3.0.2",
      "resolved": "https://registry.npmjs.org/@polymer/iron-fit-behavior/-/iron-fit-behavior-3.0.2.tgz",
      "integrity": "sha512-JndryJYbBR3gSN5IlST4rCHsd01+OyvYpRO6z5Zd3C6u5V/m07TwAtcf3aXwZ8WBNt2eLG28OcvdSO7XR2v2pg==",
      "requires": {
        "@polymer/polymer": "^3.0.0"
      }
    },
    "@polymer/iron-flex-layout": {
      "version": "3.0.1",
      "resolved": "https://registry.npmjs.org/@polymer/iron-flex-layout/-/iron-flex-layout-3.0.1.tgz",
      "integrity": "sha512-7gB869czArF+HZcPTVSgvA7tXYFze9EKckvM95NB7SqYF+NnsQyhoXgKnpFwGyo95lUjUW9TFDLUwDXnCYFtkw==",
      "requires": {
        "@polymer/polymer": "^3.0.0"
      }
    },
    "@polymer/iron-form-element-behavior": {
      "version": "3.0.1",
      "resolved": "https://registry.npmjs.org/@polymer/iron-form-element-behavior/-/iron-form-element-behavior-3.0.1.tgz",
      "integrity": "sha512-G/e2KXyL5AY7mMjmomHkGpgS0uAf4ovNpKhkuUTRnMuMJuf589bKqE85KN4ovE1Tzhv2hJoh/igyD6ekHiYU1A==",
      "requires": {
        "@polymer/polymer": "^3.0.0"
      }
    },
    "@polymer/iron-icon": {
      "version": "3.0.1",
      "resolved": "https://registry.npmjs.org/@polymer/iron-icon/-/iron-icon-3.0.1.tgz",
      "integrity": "sha512-QLPwirk+UPZNaLnMew9VludXA4CWUCenRewgEcGYwdzVgDPCDbXxy6vRJjmweZobMQv/oVLppT2JZtJFnPxX6g==",
      "requires": {
        "@polymer/iron-flex-layout": "^3.0.0-pre.26",
        "@polymer/iron-meta": "^3.0.0-pre.26",
        "@polymer/polymer": "^3.0.0"
      }
    },
    "@polymer/iron-icons": {
      "version": "3.0.1",
      "resolved": "https://registry.npmjs.org/@polymer/iron-icons/-/iron-icons-3.0.1.tgz",
      "integrity": "sha512-xtEI8erH2GIBiF3QxEMyW81XuVjguu6Le5WjEEpX67qd9z7jjmc4T/ke3zRUlnDydex9p8ytcwVpMIKcyvjYAQ==",
      "requires": {
        "@polymer/iron-icon": "^3.0.0-pre.26",
        "@polymer/iron-iconset-svg": "^3.0.0-pre.26",
        "@polymer/polymer": "^3.0.0"
      }
    },
    "@polymer/iron-iconset-svg": {
      "version": "3.0.1",
      "resolved": "https://registry.npmjs.org/@polymer/iron-iconset-svg/-/iron-iconset-svg-3.0.1.tgz",
      "integrity": "sha512-XNwURbNHRw6u2fJe05O5fMYye6GSgDlDqCO+q6K1zAnKIrpgZwf2vTkBd5uCcZwsN0FyCB3mvNZx4jkh85dRDw==",
      "requires": {
        "@polymer/iron-meta": "^3.0.0-pre.26",
        "@polymer/polymer": "^3.0.0"
      }
    },
    "@polymer/iron-image": {
      "version": "3.0.2",
      "resolved": "https://registry.npmjs.org/@polymer/iron-image/-/iron-image-3.0.2.tgz",
      "integrity": "sha512-VyYtnewGozDb5sUeoLR1OvKzlt5WAL6b8Od7fPpio5oYL+9t061/nTV8+ZMrpMgF2WgB0zqM/3K53o3pbK5v8Q==",
      "requires": {
        "@polymer/polymer": "^3.0.0"
      }
    },
    "@polymer/iron-input": {
      "version": "3.0.1",
      "resolved": "https://registry.npmjs.org/@polymer/iron-input/-/iron-input-3.0.1.tgz",
      "integrity": "sha512-WLx13kEcbH9GKbj9+pWR6pbJkA5kxn3796ynx6eQd2rueMyUfVTR3GzOvadBKsciUuIuzrxpBWZ2+3UcueVUQQ==",
      "requires": {
        "@polymer/iron-a11y-announcer": "^3.0.0-pre.26",
        "@polymer/iron-validatable-behavior": "^3.0.0-pre.26",
        "@polymer/polymer": "^3.0.0"
      }
    },
    "@polymer/iron-media-query": {
      "version": "3.0.1",
      "resolved": "https://registry.npmjs.org/@polymer/iron-media-query/-/iron-media-query-3.0.1.tgz",
      "integrity": "sha512-czUX1pm1zfmfcZtq5J57XFkcobBv08Y50exp0/3v8Bos5VL/jv2tU0RwiTfDBxUMhjicGbgwEBFQPY2V5DMzyw==",
      "requires": {
        "@polymer/polymer": "^3.0.0"
      }
    },
    "@polymer/iron-menu-behavior": {
      "version": "3.0.2",
      "resolved": "https://registry.npmjs.org/@polymer/iron-menu-behavior/-/iron-menu-behavior-3.0.2.tgz",
      "integrity": "sha512-8dpASkFNBIkxAJWsFLWIO1M7tKM0+wKs3PqdeF/dDdBciwoaaFgC2K1XCZFZnbe2t9/nJgemXxVugGZAWpYCGg==",
      "requires": {
        "@polymer/iron-a11y-keys-behavior": "^3.0.0-pre.26",
        "@polymer/iron-flex-layout": "^3.0.0-pre.26",
        "@polymer/iron-selector": "^3.0.0-pre.26",
        "@polymer/polymer": "^3.0.0"
      }
    },
    "@polymer/iron-meta": {
      "version": "3.0.1",
      "resolved": "https://registry.npmjs.org/@polymer/iron-meta/-/iron-meta-3.0.1.tgz",
      "integrity": "sha512-pWguPugiLYmWFV9UWxLWzZ6gm4wBwQdDy4VULKwdHCqR7OP7u98h+XDdGZsSlDPv6qoryV/e3tGHlTIT0mbzJA==",
      "requires": {
        "@polymer/polymer": "^3.0.0"
      }
    },
    "@polymer/iron-overlay-behavior": {
      "version": "3.0.3",
      "resolved": "https://registry.npmjs.org/@polymer/iron-overlay-behavior/-/iron-overlay-behavior-3.0.3.tgz",
      "integrity": "sha512-Q/Fp0+uOQQ145ebZ7T8Cxl4m1tUKYjyymkjcL2rXUm+aDQGb1wA1M1LYxUF5YBqd+9lipE0PTIiYwA2ZL/sznA==",
      "requires": {
        "@polymer/iron-a11y-keys-behavior": "^3.0.0-pre.26",
        "@polymer/iron-fit-behavior": "^3.0.0-pre.26",
        "@polymer/iron-resizable-behavior": "^3.0.0-pre.26",
        "@polymer/polymer": "^3.0.0"
      }
    },
    "@polymer/iron-pages": {
      "version": "3.0.1",
      "resolved": "https://registry.npmjs.org/@polymer/iron-pages/-/iron-pages-3.0.1.tgz",
      "integrity": "sha512-PQe8S1JKHPcsIvFOaQP+9+AXmqUIL9fPqC6xT63OAZQxYCeZJDKgT9GKBx+VRryYBUlj2FLEXkUVpG+PTotdjg==",
      "requires": {
        "@polymer/iron-resizable-behavior": "^3.0.0-pre.26",
        "@polymer/iron-selector": "^3.0.0-pre.26",
        "@polymer/polymer": "^3.0.0"
      }
    },
    "@polymer/iron-resizable-behavior": {
      "version": "3.0.1",
      "resolved": "https://registry.npmjs.org/@polymer/iron-resizable-behavior/-/iron-resizable-behavior-3.0.1.tgz",
      "integrity": "sha512-FyHxRxFspVoRaeZSWpT3y0C9awomb4tXXolIJcZ7RvXhMP632V5lez+ch5G5SwK0LpnAPkg35eB0LPMFv+YMMQ==",
      "requires": {
        "@polymer/polymer": "^3.0.0"
      }
    },
    "@polymer/iron-scroll-target-behavior": {
      "version": "3.0.1",
      "resolved": "https://registry.npmjs.org/@polymer/iron-scroll-target-behavior/-/iron-scroll-target-behavior-3.0.1.tgz",
      "integrity": "sha512-xg1WanG25BIkQE8rhuReqY9zx1K5M7F+YAIYpswEp5eyDIaZ1Y3vUmVeQ3KG+hiSugzI1M752azXN7kvyhOBcQ==",
      "requires": {
        "@polymer/polymer": "^3.0.0"
      }
    },
    "@polymer/iron-selector": {
      "version": "3.0.1",
      "resolved": "https://registry.npmjs.org/@polymer/iron-selector/-/iron-selector-3.0.1.tgz",
      "integrity": "sha512-sBVk2uas6prW0glUe2xEJJYlvxmYzM40Au9OKbfDK2Qekou/fLKcBRyIYI39kuI8zWRaip8f3CI8qXcUHnKb1A==",
      "requires": {
        "@polymer/polymer": "^3.0.0"
      }
    },
    "@polymer/iron-validatable-behavior": {
      "version": "3.0.1",
      "resolved": "https://registry.npmjs.org/@polymer/iron-validatable-behavior/-/iron-validatable-behavior-3.0.1.tgz",
      "integrity": "sha512-wwpYh6wOa4fNI+jH5EYKC7TVPYQ2OfgQqocWat7GsNWcsblKYhLYbwsvEY5nO0n2xKqNfZzDLrUom5INJN7msQ==",
      "requires": {
        "@polymer/iron-meta": "^3.0.0-pre.26",
        "@polymer/polymer": "^3.0.0"
      }
    },
    "@polymer/neon-animation": {
      "version": "3.0.1",
      "resolved": "https://registry.npmjs.org/@polymer/neon-animation/-/neon-animation-3.0.1.tgz",
      "integrity": "sha512-cDDc0llpVCe0ATbDS3clDthI54Bc8YwZIeTGGmBJleKOvbRTUC5+ssJmRL+VwVh+VM5FlnQlx760ppftY3uprg==",
      "requires": {
        "@polymer/iron-resizable-behavior": "^3.0.0-pre.26",
        "@polymer/iron-selector": "^3.0.0-pre.26",
        "@polymer/polymer": "^3.0.0"
      }
    },
    "@polymer/paper-badge": {
      "version": "3.1.0",
      "resolved": "https://registry.npmjs.org/@polymer/paper-badge/-/paper-badge-3.1.0.tgz",
      "integrity": "sha512-5SH5Xw9ji16BjIZT2wY7oVgWX01fDyzm/nGnDi55iujPGsfaPV1itze7c9/3wlmgI+b28KBApUY9hW8f0h2V6g==",
      "requires": {
        "@polymer/iron-flex-layout": "^3.0.0-pre.26",
        "@polymer/iron-icon": "^3.0.0-pre.26",
        "@polymer/iron-resizable-behavior": "^3.0.0-pre.26",
        "@polymer/paper-styles": "^3.0.0-pre.26",
        "@polymer/polymer": "^3.0.0"
      }
    },
    "@polymer/paper-behaviors": {
      "version": "3.0.1",
      "resolved": "https://registry.npmjs.org/@polymer/paper-behaviors/-/paper-behaviors-3.0.1.tgz",
      "integrity": "sha512-6knhj69fPJejv8qR0kCSUY+Q0XjaUf0OSnkjRjmTJPAwSrRYtgqE+l6P1FfA+py1X/cUjgne9EF5rMZAKJIg1g==",
      "requires": {
        "@polymer/iron-behaviors": "^3.0.0-pre.26",
        "@polymer/iron-checked-element-behavior": "^3.0.0-pre.26",
        "@polymer/paper-ripple": "^3.0.0-pre.26",
        "@polymer/polymer": "^3.0.0"
      }
    },
    "@polymer/paper-button": {
      "version": "3.0.1",
      "resolved": "https://registry.npmjs.org/@polymer/paper-button/-/paper-button-3.0.1.tgz",
      "integrity": "sha512-JRNBc+Oj9EWnmyLr7FcCr8T1KAnEHPh6mosln9BUdkM+qYaYsudSICh3cjTIbnj6AuF5OJidoLkM1dlyj0j6Zg==",
      "requires": {
        "@polymer/iron-flex-layout": "^3.0.0-pre.26",
        "@polymer/paper-behaviors": "^3.0.0-pre.27",
        "@polymer/paper-styles": "^3.0.0-pre.26",
        "@polymer/polymer": "^3.0.0"
      }
    },
    "@polymer/paper-card": {
      "version": "3.0.1",
      "resolved": "https://registry.npmjs.org/@polymer/paper-card/-/paper-card-3.0.1.tgz",
      "integrity": "sha512-ZYzfA4kzP9niRO22wSOBL2RS+URZNUP5XmUCwN91fYPIGO0Qbimh7d1O2HpJD4cRCZhvGYn2CJMDMVmDm35vIg==",
      "requires": {
        "@polymer/iron-flex-layout": "^3.0.0-pre.26",
        "@polymer/iron-image": "^3.0.0-pre.26",
        "@polymer/paper-styles": "^3.0.0-pre.26",
        "@polymer/polymer": "^3.0.0"
      }
    },
    "@polymer/paper-checkbox": {
      "version": "3.1.0",
      "resolved": "https://registry.npmjs.org/@polymer/paper-checkbox/-/paper-checkbox-3.1.0.tgz",
      "integrity": "sha512-kXm6yDG1tT8if0XuJ2cc9NF+g8Ev4wG+rnf0a+Sx+O7J6fn1jcnBlYn72FlrfjVjDQZDBFmT6nynhD5PvFw8iQ==",
      "requires": {
        "@polymer/iron-a11y-keys-behavior": "^3.0.0-pre.26",
        "@polymer/iron-checked-element-behavior": "^3.0.0-pre.26",
        "@polymer/paper-behaviors": "^3.0.0-pre.27",
        "@polymer/paper-ripple": "^3.0.0-pre.26",
        "@polymer/paper-styles": "^3.0.0-pre.26",
        "@polymer/polymer": "^3.0.0"
      }
    },
    "@polymer/paper-dialog": {
      "version": "3.0.1",
      "resolved": "https://registry.npmjs.org/@polymer/paper-dialog/-/paper-dialog-3.0.1.tgz",
      "integrity": "sha512-KvglYbEq7AWJvui2j6WKLnOvgVMeGjovAydGrPRj7kVzCiD49Eq/hpYFJTRV5iDcalWH+mORUpw+jrFnG9+Kgw==",
      "requires": {
        "@polymer/iron-overlay-behavior": "^3.0.0-pre.27",
        "@polymer/neon-animation": "^3.0.0-pre.26",
        "@polymer/paper-dialog-behavior": "^3.0.0-pre.26",
        "@polymer/polymer": "^3.0.0"
      }
    },
    "@polymer/paper-dialog-behavior": {
      "version": "3.0.1",
      "resolved": "https://registry.npmjs.org/@polymer/paper-dialog-behavior/-/paper-dialog-behavior-3.0.1.tgz",
      "integrity": "sha512-wbI4kCK8le/9MHT+IXzvHjoatxf3kd3Yn0tgozAiAwfSZ7N4Ubpi5MHrK0m9S9PeIxKokAgBYdTUrezSE5378A==",
      "requires": {
        "@polymer/iron-overlay-behavior": "^3.0.0-pre.27",
        "@polymer/paper-styles": "^3.0.0-pre.26",
        "@polymer/polymer": "^3.0.0"
      }
    },
    "@polymer/paper-dropdown-menu": {
      "version": "3.1.0",
      "resolved": "https://registry.npmjs.org/@polymer/paper-dropdown-menu/-/paper-dropdown-menu-3.1.0.tgz",
      "integrity": "sha512-orxH2FzBCjUleXex//STZHjgWXm7z09+JRPnhJld7xEheRDE7XrKsrsS0Xl7f8bBqUrisdaL9HTX9yBJ/k8bbQ==",
      "requires": {
        "@polymer/iron-a11y-keys-behavior": "^3.0.0-pre.26",
        "@polymer/iron-form-element-behavior": "^3.0.0-pre.26",
        "@polymer/iron-icon": "^3.0.0-pre.26",
        "@polymer/iron-iconset-svg": "^3.0.0-pre.26",
        "@polymer/iron-validatable-behavior": "^3.0.0-pre.26",
        "@polymer/paper-behaviors": "^3.0.0-pre.27",
        "@polymer/paper-input": "^3.1.0",
        "@polymer/paper-menu-button": "^3.0.0-pre.26",
        "@polymer/paper-ripple": "^3.0.0-pre.26",
        "@polymer/paper-styles": "^3.0.0-pre.26",
        "@polymer/polymer": "^3.3.1"
      }
    },
    "@polymer/paper-icon-button": {
      "version": "3.0.2",
      "resolved": "https://registry.npmjs.org/@polymer/paper-icon-button/-/paper-icon-button-3.0.2.tgz",
      "integrity": "sha512-kOdxQgnKL097bggFF6PWvsBYuWg+MCcoHoTHX6bh/MuZoWFZNjrFntFqwuB4oEbpjCpfm4moA33muPJFj7CihQ==",
      "requires": {
        "@polymer/iron-icon": "^3.0.0-pre.26",
        "@polymer/paper-behaviors": "^3.0.0-pre.27",
        "@polymer/paper-styles": "^3.0.0-pre.26",
        "@polymer/polymer": "^3.0.0"
      }
    },
    "@polymer/paper-input": {
      "version": "3.2.1",
      "resolved": "https://registry.npmjs.org/@polymer/paper-input/-/paper-input-3.2.1.tgz",
      "integrity": "sha512-6ghgwQKM6mS0hAQxQqj+tkeEY1VUBqAsrasAm8V5RpNcfSWQC/hhRFxU0beGuKTAhndzezDzWYP6Zz4b8fExGg==",
      "requires": {
        "@polymer/iron-a11y-keys-behavior": "^3.0.0-pre.26",
        "@polymer/iron-autogrow-textarea": "^3.0.0-pre.26",
        "@polymer/iron-behaviors": "^3.0.0-pre.26",
        "@polymer/iron-form-element-behavior": "^3.0.0-pre.26",
        "@polymer/iron-input": "^3.0.0-pre.26",
        "@polymer/paper-styles": "^3.0.0-pre.26",
        "@polymer/polymer": "^3.0.0"
      }
    },
    "@polymer/paper-item": {
      "version": "3.0.1",
      "resolved": "https://registry.npmjs.org/@polymer/paper-item/-/paper-item-3.0.1.tgz",
      "integrity": "sha512-KTk2N+GsYiI/HuubL3sxebZ6tteQbBOAp4QVLAnbjSPmwl+mJSDWk+omuadesU0bpkCwaWVs3fHuQsmXxy4pkw==",
      "requires": {
        "@polymer/iron-behaviors": "^3.0.0-pre.26",
        "@polymer/iron-flex-layout": "^3.0.0-pre.26",
        "@polymer/paper-styles": "^3.0.0-pre.26",
        "@polymer/polymer": "^3.0.0"
      }
    },
    "@polymer/paper-listbox": {
      "version": "3.0.1",
      "resolved": "https://registry.npmjs.org/@polymer/paper-listbox/-/paper-listbox-3.0.1.tgz",
      "integrity": "sha512-vMLWFpYcggAPmEDBmK+96fFefacOG3GLB1EguTn8+ZkqI+328hNfw1MzHjH68rgCIIUtjmm+9qgB1Sy/MN0a/A==",
      "requires": {
        "@polymer/iron-behaviors": "^3.0.0-pre.26",
        "@polymer/iron-menu-behavior": "^3.0.0-pre.26",
        "@polymer/paper-styles": "^3.0.0-pre.26",
        "@polymer/polymer": "^3.0.0"
      }
    },
    "@polymer/paper-menu-button": {
      "version": "3.0.1",
      "resolved": "https://registry.npmjs.org/@polymer/paper-menu-button/-/paper-menu-button-3.0.1.tgz",
      "integrity": "sha512-Rxte2Fp7N2BMI2FMM7tB25IkvD11DhjMklcg97JP1jnlHbJNrXPh5SSX2bdtabz49UE8vejIsrxZ+AGsB5nqIQ==",
      "requires": {
        "@polymer/iron-a11y-keys-behavior": "^3.0.0-pre.26",
        "@polymer/iron-behaviors": "^3.0.0-pre.26",
        "@polymer/iron-dropdown": "^3.0.0-pre.26",
        "@polymer/iron-fit-behavior": "^3.0.0-pre.26",
        "@polymer/neon-animation": "^3.0.0-pre.26",
        "@polymer/paper-styles": "^3.0.0-pre.26",
        "@polymer/polymer": "^3.0.0"
      }
    },
    "@polymer/paper-ripple": {
      "version": "3.0.2",
      "resolved": "https://registry.npmjs.org/@polymer/paper-ripple/-/paper-ripple-3.0.2.tgz",
      "integrity": "sha512-DnLNvYIMsiayeICroYxx6Q6Hg1cUU8HN2sbutXazlemAlGqdq80qz3TIaVdbpbt/pvjcFGX2HtntMlPstCge8Q==",
      "requires": {
        "@polymer/iron-a11y-keys-behavior": "^3.0.0-pre.26",
        "@polymer/polymer": "^3.0.0"
      }
    },
    "@polymer/paper-spinner": {
      "version": "3.0.2",
      "resolved": "https://registry.npmjs.org/@polymer/paper-spinner/-/paper-spinner-3.0.2.tgz",
      "integrity": "sha512-XUzu8/4NH+pnNZUTI2MxtOKFAr0EOsW7eGhTg3VBhTh7DDW/q3ewzwYRWnqNJokX9BEnxKMiXXaIeTEBq4k2dw==",
      "requires": {
        "@polymer/paper-styles": "^3.0.0-pre.26",
        "@polymer/polymer": "^3.0.0"
      }
    },
    "@polymer/paper-styles": {
      "version": "3.0.1",
      "resolved": "https://registry.npmjs.org/@polymer/paper-styles/-/paper-styles-3.0.1.tgz",
      "integrity": "sha512-y6hmObLqlCx602TQiSBKHqjwkE7xmDiFkoxdYGaNjtv4xcysOTdVJsDR/R9UHwIaxJ7gHlthMSykir1nv78++g==",
      "requires": {
        "@polymer/font-roboto": "^3.0.1",
        "@polymer/iron-flex-layout": "^3.0.0-pre.26",
        "@polymer/polymer": "^3.0.0"
      }
    },
    "@polymer/paper-tabs": {
      "version": "3.1.0",
      "resolved": "https://registry.npmjs.org/@polymer/paper-tabs/-/paper-tabs-3.1.0.tgz",
      "integrity": "sha512-t8G+3CiyI0R+wA077UNQXR/oG9GlsqRRO1KMsFHHjBSsYqWXghNsqxUG827wEj+PafI5u9tZ3vVt1S++Lg4B2g==",
      "requires": {
        "@polymer/iron-behaviors": "^3.0.0-pre.26",
        "@polymer/iron-flex-layout": "^3.0.0-pre.26",
        "@polymer/iron-icon": "^3.0.0-pre.26",
        "@polymer/iron-iconset-svg": "^3.0.0-pre.26",
        "@polymer/iron-menu-behavior": "^3.0.0-pre.26",
        "@polymer/iron-resizable-behavior": "^3.0.0-pre.26",
        "@polymer/paper-behaviors": "^3.0.0-pre.27",
        "@polymer/paper-icon-button": "^3.0.0-pre.26",
        "@polymer/paper-styles": "^3.0.0-pre.26",
        "@polymer/polymer": "^3.0.0"
      }
    },
    "@polymer/paper-toast": {
      "version": "3.0.1",
      "resolved": "https://registry.npmjs.org/@polymer/paper-toast/-/paper-toast-3.0.1.tgz",
      "integrity": "sha512-pizuogzObniDdICUc6dSLrnDt2VzzoRne1gCmbD6sfOATVv5tc8UfrqhA2iHngbNBEbniBiciS3iogdp5KTVUQ==",
      "requires": {
        "@polymer/iron-a11y-announcer": "^3.0.0-pre.26",
        "@polymer/iron-fit-behavior": "^3.0.0-pre.26",
        "@polymer/iron-overlay-behavior": "^3.0.0-pre.27",
        "@polymer/polymer": "^3.0.0"
      }
    },
    "@polymer/polymer": {
      "version": "3.4.1",
      "resolved": "https://registry.npmjs.org/@polymer/polymer/-/polymer-3.4.1.tgz",
      "integrity": "sha512-KPWnhDZibtqKrUz7enIPOiO4ZQoJNOuLwqrhV2MXzIt3VVnUVJVG5ORz4Z2sgO+UZ+/UZnPD0jqY+jmw/+a9mQ==",
      "requires": {
        "@webcomponents/shadycss": "^1.9.1"
      }
    },
    "@tiny-lit/core": {
      "version": "2.0.0-alpha.6",
      "resolved": "https://registry.npmjs.org/@tiny-lit/core/-/core-2.0.0-alpha.6.tgz",
      "integrity": "sha512-uXCRbbgFQIQpHCagQT53N1W+x/0FDqE2+RXLcuhwM98kqymQgd+ZkNyJdg/f7xZ/7XQAK+QTc2GMjKq8bxD3+A=="
    },
    "@tiny-lit/element": {
      "version": "2.0.0-alpha.6",
      "resolved": "https://registry.npmjs.org/@tiny-lit/element/-/element-2.0.0-alpha.6.tgz",
      "integrity": "sha512-HXu5e/QEftPat+52h5EFHDyO7aUAe1gUzNZje3mmS0dQE7MKct6kf1h2DEE2oCf1a+1IMAGgJa5NSDNKTjIyEA==",
      "requires": {
        "@tiny-lit/core": "^2.0.0-alpha.6"
      }
    },
    "@vaadin/vaadin-button": {
      "version": "2.3.0",
      "resolved": "https://registry.npmjs.org/@vaadin/vaadin-button/-/vaadin-button-2.3.0.tgz",
      "integrity": "sha512-FnKvsxwBQhXWV/kW+PNY+vFF+V6cQE6IiSH32LZ6rlZ+aqsvpRLEF4yNr3sg39yBsdWfeU1J+44Ne4chPbcizA==",
      "requires": {
        "@polymer/polymer": "^3.0.0",
        "@vaadin/vaadin-control-state-mixin": "^2.1.1",
        "@vaadin/vaadin-element-mixin": "^2.0.0",
        "@vaadin/vaadin-lumo-styles": "^1.3.3",
        "@vaadin/vaadin-material-styles": "^1.2.0",
        "@vaadin/vaadin-themable-mixin": "^1.2.1"
      }
    },
    "@vaadin/vaadin-checkbox": {
      "version": "2.3.0",
      "resolved": "https://registry.npmjs.org/@vaadin/vaadin-checkbox/-/vaadin-checkbox-2.3.0.tgz",
      "integrity": "sha512-f3yyBBTj58gZDudYh8nGn2ZNOrubg2e05mp7d7roI7xEVcfwT/Y4a/D9bHeBcOgI8LvwN8fToxIIFBt5b8UA6g==",
      "requires": {
        "@polymer/polymer": "^3.0.0",
        "@vaadin/vaadin-control-state-mixin": "^2.1.1",
        "@vaadin/vaadin-element-mixin": "^2.3.0",
        "@vaadin/vaadin-lumo-styles": "^1.4.1",
        "@vaadin/vaadin-material-styles": "^1.2.0",
        "@vaadin/vaadin-themable-mixin": "^1.2.1"
      }
    },
    "@vaadin/vaadin-control-state-mixin": {
      "version": "2.2.3",
      "resolved": "https://registry.npmjs.org/@vaadin/vaadin-control-state-mixin/-/vaadin-control-state-mixin-2.2.3.tgz",
      "integrity": "sha512-a0a+Hh99fQ5ueKTmY6F0i94jOfdOwKFS9ppNs0amfQwO+Js5ZC84naLnyVMVtY87K98FQ1vEYqpzxDYZy6duPw==",
      "requires": {
        "@polymer/polymer": "^3.0.0"
      }
    },
    "@vaadin/vaadin-development-mode-detector": {
      "version": "2.0.4",
      "resolved": "https://registry.npmjs.org/@vaadin/vaadin-development-mode-detector/-/vaadin-development-mode-detector-2.0.4.tgz",
      "integrity": "sha512-S+PaFrZpK8uBIOnIHxjntTrgumd5ztuCnZww96ydGKXgo9whXfZsbMwDuD/102a/IuPUMyF+dh/n3PbWzJ6igA=="
    },
    "@vaadin/vaadin-element-mixin": {
      "version": "2.4.1",
      "resolved": "https://registry.npmjs.org/@vaadin/vaadin-element-mixin/-/vaadin-element-mixin-2.4.1.tgz",
      "integrity": "sha512-Ie7fwcOmg1C71UFuRwcuo2GKS+HbKvLedfs3hGdICiuwJ56cQvQsbIlxa4utKWWCVlf6yuSvMrny8efPPenfTA==",
      "requires": {
        "@polymer/polymer": "^3.0.0",
        "@vaadin/vaadin-development-mode-detector": "^2.0.0",
        "@vaadin/vaadin-usage-statistics": "^2.1.0"
      }
    },
    "@vaadin/vaadin-grid": {
      "version": "5.6.6",
      "resolved": "https://registry.npmjs.org/@vaadin/vaadin-grid/-/vaadin-grid-5.6.6.tgz",
      "integrity": "sha512-gsd+N5uPmG1RGSyoyVHIf4Cmq7k/wjkJ5Yl00LGzHaEph0VVAl/yt0rLDIXUgbHZ/fQoMPYAKkLY44AW5N4KUw==",
      "requires": {
        "@polymer/iron-a11y-announcer": "^3.0.0",
        "@polymer/iron-a11y-keys-behavior": "^3.0.0",
        "@polymer/iron-resizable-behavior": "^3.0.0",
        "@polymer/iron-scroll-target-behavior": "^3.0.0",
        "@polymer/polymer": "^3.0.0",
        "@vaadin/vaadin-checkbox": "^2.3.0",
        "@vaadin/vaadin-element-mixin": "^2.3.2",
        "@vaadin/vaadin-lumo-styles": "^1.6.0",
        "@vaadin/vaadin-material-styles": "^1.3.2",
        "@vaadin/vaadin-text-field": "^2.6.0",
        "@vaadin/vaadin-themable-mixin": "^1.5.2"
      },
      "dependencies": {
        "@vaadin/vaadin-checkbox": {
          "version": "2.3.0",
          "resolved": "https://registry.npmjs.org/@vaadin/vaadin-checkbox/-/vaadin-checkbox-2.3.0.tgz",
          "integrity": "sha512-f3yyBBTj58gZDudYh8nGn2ZNOrubg2e05mp7d7roI7xEVcfwT/Y4a/D9bHeBcOgI8LvwN8fToxIIFBt5b8UA6g==",
          "requires": {
            "@polymer/polymer": "^3.0.0",
            "@vaadin/vaadin-control-state-mixin": "^2.1.1",
            "@vaadin/vaadin-element-mixin": "^2.3.0",
            "@vaadin/vaadin-lumo-styles": "^1.4.1",
            "@vaadin/vaadin-material-styles": "^1.2.0",
            "@vaadin/vaadin-themable-mixin": "^1.2.1"
          }
        }
      }
    },
    "@vaadin/vaadin-icons": {
      "version": "4.3.1",
      "resolved": "https://registry.npmjs.org/@vaadin/vaadin-icons/-/vaadin-icons-4.3.1.tgz",
      "integrity": "sha512-jeFOXpoId/pemr/JlhF7Z7kL/g7VmaQdqH+I9NZ2lW+IpE6/aapz1N6zPd+hIQs5tq/PWuivy8gKxFW+KxwdJg==",
      "requires": {
        "@polymer/iron-icon": "^3.0.0",
        "@polymer/iron-iconset-svg": "^3.0.0",
        "@polymer/polymer": "^3.0.0"
      }
    },
    "@vaadin/vaadin-item": {
      "version": "2.2.0",
      "resolved": "https://registry.npmjs.org/@vaadin/vaadin-item/-/vaadin-item-2.2.0.tgz",
      "integrity": "sha512-Yvpd2fiTwvfJA18lfjYsj33L+yr/YfHg3WZNp+v8OghfacfMdD5JofJpK6s0cJIuNTg+TC6hG1UwzcEC9jNMFw==",
      "requires": {
        "@polymer/polymer": "^3.0.0",
        "@vaadin/vaadin-element-mixin": "^2.3.0",
        "@vaadin/vaadin-lumo-styles": "^1.1.0",
        "@vaadin/vaadin-material-styles": "^1.1.0",
        "@vaadin/vaadin-themable-mixin": "^1.2.1"
      }
    },
    "@vaadin/vaadin-lumo-styles": {
      "version": "1.6.0",
      "resolved": "https://registry.npmjs.org/@vaadin/vaadin-lumo-styles/-/vaadin-lumo-styles-1.6.0.tgz",
      "integrity": "sha512-MTJ2JssEVF3Go5b+zIe86Jw8nNtaN91wHmO2Ic1eI27PEJ5dRRGcLWX9CjTEx/8Zu9+3Fk4YeVP9ABWhiZZGUw==",
      "requires": {
        "@polymer/iron-icon": "^3.0.0",
        "@polymer/iron-iconset-svg": "^3.0.0",
        "@polymer/polymer": "^3.0.0"
      }
    },
    "@vaadin/vaadin-material-styles": {
      "version": "1.3.2",
      "resolved": "https://registry.npmjs.org/@vaadin/vaadin-material-styles/-/vaadin-material-styles-1.3.2.tgz",
      "integrity": "sha512-EFrvGScoxhLNrPnWtT2Ia77whjF2TD4jrcyeh1jv9joCA2n5SUba+4XJciVSGmopqqQato6lwRnZSvMLJX7cyw==",
      "requires": {
        "@polymer/polymer": "^3.0.0"
      }
    },
    "@vaadin/vaadin-radio-button": {
      "version": "1.3.0",
      "resolved": "https://registry.npmjs.org/@vaadin/vaadin-radio-button/-/vaadin-radio-button-1.3.0.tgz",
      "integrity": "sha512-wITyi1Rf0Yc/unzFOXjIjRlExcvJ0zzKK50lkW2YQ5eTCSsBOejQ5bw2lGAaM6IgzOhKdUjs1X09ObcO76tJZw==",
      "requires": {
        "@polymer/polymer": "^3.0.0",
        "@vaadin/vaadin-control-state-mixin": "^2.1.1",
        "@vaadin/vaadin-element-mixin": "^2.3.0",
        "@vaadin/vaadin-lumo-styles": "^1.6.0",
        "@vaadin/vaadin-material-styles": "^1.3.2",
        "@vaadin/vaadin-themable-mixin": "^1.2.1"
      }
    },
    "@vaadin/vaadin-text-field": {
      "version": "2.6.1",
      "resolved": "https://registry.npmjs.org/@vaadin/vaadin-text-field/-/vaadin-text-field-2.6.1.tgz",
      "integrity": "sha512-zkWkeawG20hEsqQ1HZBaDpzx4wz3YWKsZTkEALAlU6YdirqPuN65xfAeecNiBfeEtzl8sAT8N8JV6aAh37NFjQ==",
      "requires": {
        "@polymer/polymer": "^3.0.0",
        "@vaadin/vaadin-control-state-mixin": "^2.1.1",
        "@vaadin/vaadin-element-mixin": "^2.3.0",
        "@vaadin/vaadin-lumo-styles": "^1.6.0",
        "@vaadin/vaadin-material-styles": "^1.3.2",
        "@vaadin/vaadin-themable-mixin": "^1.2.1"
      }
    },
    "@vaadin/vaadin-themable-mixin": {
      "version": "1.6.1",
      "resolved": "https://registry.npmjs.org/@vaadin/vaadin-themable-mixin/-/vaadin-themable-mixin-1.6.1.tgz",
      "integrity": "sha512-UXjOlEfMEk/QxpBjpiO0QTjPOSiO88bhhtV+0UTfpqk8ILvJYO+6vbwcja33xY5Wi9sTAXtHixAjM0LthyXglQ==",
      "requires": {
        "@polymer/polymer": "^3.0.0",
        "lit-element": "^2.0.0"
      }
    },
    "@vaadin/vaadin-usage-statistics": {
      "version": "2.1.0",
      "resolved": "https://registry.npmjs.org/@vaadin/vaadin-usage-statistics/-/vaadin-usage-statistics-2.1.0.tgz",
      "integrity": "sha512-e81nbqY5zsaYhLJuOVkJkB/Um1pGK5POIqIlTNhUfjeoyGaJ63tiX8+D5n6F+GgVxUTLUarsKa6SKRcQel0AzA==",
      "requires": {
        "@vaadin/vaadin-development-mode-detector": "^2.0.0"
      }
    },
    "@webcomponents/shadycss": {
      "version": "1.10.0",
      "resolved": "https://registry.npmjs.org/@webcomponents/shadycss/-/shadycss-1.10.0.tgz",
      "integrity": "sha512-UMS+dF4DXDrcUmQqK6aLd/3mFyfGktKG/hZR6FtrsQK/INO07G0H8FxElLkuvHj0iePeZGpR7R4lWFTvX7rc9g=="
    },
    "@webcomponents/webcomponentsjs": {
      "version": "2.4.3",
      "resolved": "https://registry.npmjs.org/@webcomponents/webcomponentsjs/-/webcomponentsjs-2.4.3.tgz",
      "integrity": "sha512-cV4+sAmshf8ysU2USutrSRYQkJzEYKHsRCGa0CkMElGpG5747VHtkfsW3NdVIBV/m2MDKXTDydT4lkrysH7IFA==",
      "dev": true
    },
    "axios": {
      "version": "0.18.1",
      "resolved": "https://registry.npmjs.org/axios/-/axios-0.18.1.tgz",
      "integrity": "sha512-0BfJq4NSfQXd+SkFdrvFbG7addhYSBA2mQwISr46pD6E5iqkWg02RAs8vyTT/j0RTnoYmeXauBuSv1qKwR179g==",
      "requires": {
        "follow-redirects": "1.5.10",
        "is-buffer": "^2.0.2"
      }
    },
    "constantinople": {
      "version": "4.0.1",
      "resolved": "https://registry.npmjs.org/constantinople/-/constantinople-4.0.1.tgz",
      "integrity": "sha512-vCrqcSIq4//Gx74TXXCGnHpulY1dskqLTFGDmhrGxzeXL8lF8kvXv6mpNWlJj1uD4DW23D4ljAqbY4RRaaUZIw==",
      "requires": {
        "@babel/parser": "^7.6.0",
        "@babel/types": "^7.6.1"
      }
    },
    "cryptiles": {
      "version": "4.1.3",
      "resolved": "https://registry.npmjs.org/cryptiles/-/cryptiles-4.1.3.tgz",
      "integrity": "sha512-gT9nyTMSUC1JnziQpPbxKGBbUg8VL7Zn2NB4E1cJYvuXdElHrwxrV9bmltZGDzet45zSDGyYceueke1TjynGzw==",
      "requires": {
        "boom": "7.x.x"
      },
      "dependencies": {
        "boom": {
          "version": "7.3.0",
          "resolved": "https://registry.npmjs.org/boom/-/boom-7.3.0.tgz",
          "integrity": "sha512-Swpoyi2t5+GhOEGw8rEsKvTxFLIDiiKoUc2gsoV6Lyr43LHBIzch3k2MvYUs8RTROrIkVJ3Al0TkaOGjnb+B6A==",
          "requires": {
            "hoek": "6.x.x"
          }
        },
        "hoek": {
          "version": "6.1.3",
          "resolved": "https://registry.npmjs.org/hoek/-/hoek-6.1.3.tgz",
          "integrity": "sha512-YXXAAhmF9zpQbC7LEcREFtXfGq5K1fmd+4PHkBq8NUqmzW3G+Dq10bI/i0KucLRwss3YYFQ0fSfoxBZYiGUqtQ=="
        }
      }
    },
    "debug": {
      "version": "3.1.0",
      "resolved": "https://registry.npmjs.org/debug/-/debug-3.1.0.tgz",
      "integrity": "sha512-OX8XqP7/1a9cqkxYw2yXss15f26NKWBpDXQd0/uK/KPqdQhxbPa994hnzjcE2VqQpDslf55723cKPUOGSmMY3g==",
      "requires": {
        "ms": "2.0.0"
      }
    },
    "dile-spinner": {
      "version": "2.0.4",
      "resolved": "https://registry.npmjs.org/dile-spinner/-/dile-spinner-2.0.4.tgz",
      "integrity": "sha512-8ehvhfGOiVH0ojDfeC9mWhJQfRkLdxYeIJUuDC15FN61/LiAc6ui5Jwy88KvBC59bL7YWOOXMIQCeFyIZcLz0Q==",
      "requires": {
        "lit-element": "^2.2.0"
      }
    },
    "flag-icon-css": {
      "version": "3.5.0",
      "resolved": "https://registry.npmjs.org/flag-icon-css/-/flag-icon-css-3.5.0.tgz",
      "integrity": "sha512-pgJnJLrtb0tcDgU1fzGaQXmR8h++nXvILJ+r5SmOXaaL/2pocunQo2a8TAXhjQnBpRLPtZ1KCz/TYpqeNuE2ew=="
    },
    "follow-redirects": {
      "version": "1.5.10",
      "resolved": "https://registry.npmjs.org/follow-redirects/-/follow-redirects-1.5.10.tgz",
      "integrity": "sha512-0V5l4Cizzvqt5D44aTXbFZz+FtyXV1vrDN6qrelxtfYQKW0KO0W2T/hkE8xvGa/540LkZlkaUjO4ailYTFtHVQ==",
      "requires": {
        "debug": "=3.1.0"
      }
    },
    "google-chart-polymer-3": {
      "version": "3.0.1",
      "resolved": "https://registry.npmjs.org/google-chart-polymer-3/-/google-chart-polymer-3-3.0.1.tgz",
      "integrity": "sha512-T+Hid85rKecqbEpU1EZnC/AqkBPTbKU4ehicJs9A8LEw0o1T+0bXVkZLb/ARuknxVYycGBdF7dzDqmpc+GIo3Q==",
      "requires": {
        "@polymer/iron-ajax": "^3.0.0-pre.18",
        "@polymer/polymer": "^3.0.0"
      }
    },
    "is-buffer": {
      "version": "2.0.4",
      "resolved": "https://registry.npmjs.org/is-buffer/-/is-buffer-2.0.4.tgz",
      "integrity": "sha512-Kq1rokWXOPXWuaMAqZiJW4XxsmD9zGx9q4aePabbn3qCRGedtH7Cm+zV8WETitMfu1wdh+Rvd6w5egwSngUX2A=="
    },
    "js-tokens": {
      "version": "4.0.0",
      "resolved": "https://registry.npmjs.org/js-tokens/-/js-tokens-4.0.0.tgz",
      "integrity": "sha512-RdJUflcE3cUzKiMqQgsCu06FPu9UdIJO0beYbPhHN4k6apgJtifcoCtT9bcxOpYBtpD2kCM6Sbzg4CausW/PKQ=="
    },
    "json3": {
      "version": "3.3.3",
      "resolved": "https://registry.npmjs.org/json3/-/json3-3.3.3.tgz",
      "integrity": "sha512-c7/8mbUsKigAbLkD5B010BK4D9LZm7A1pNItkEwiUZRpIN66exu/e7YQWysGun+TRKaJp8MhemM+VkfWv42aCA=="
    },
    "lit-element": {
      "version": "2.3.1",
      "resolved": "https://registry.npmjs.org/lit-element/-/lit-element-2.3.1.tgz",
      "integrity": "sha512-tOcUAmeO3BzwiQ7FGWdsshNvC0HVHcTFYw/TLIImmKwXYoV0E7zCBASa8IJ7DiP4cen/Yoj454gS0qqTnIGsFA==",
      "requires": {
        "lit-html": "^1.1.1"
      }
    },
    "lit-html": {
      "version": "1.2.1",
      "resolved": "https://registry.npmjs.org/lit-html/-/lit-html-1.2.1.tgz",
      "integrity": "sha512-GSJHHXMGLZDzTRq59IUfL9FCdAlGfqNp/dEa7k7aBaaWD+JKaCjsAk9KYm2V12ItonVaYx2dprN66Zdm1AuBTQ=="
    },
    "lodash": {
      "version": "4.17.15",
      "resolved": "https://registry.npmjs.org/lodash/-/lodash-4.17.15.tgz",
      "integrity": "sha512-8xOcRHvCjnocdS5cpwXQXVzmmh5e5+saE2QGoeQmbKmRS6J3VQppPOIt0MnmE+4xlZoumy0GPG0D0MVIQbNA1A=="
    },
    "loose-envify": {
      "version": "1.4.0",
      "resolved": "https://registry.npmjs.org/loose-envify/-/loose-envify-1.4.0.tgz",
      "integrity": "sha512-lyuxPGr/Wfhrlem2CL/UcnUc1zcqKAImBDzukY7Y5F/yQiNdko6+fRLevlw1HgMySw7f611UIY408EtxRSoK3Q==",
      "requires": {
        "js-tokens": "^3.0.0 || ^4.0.0"
      }
    },
    "marked": {
      "version": "1.1.0",
      "resolved": "https://registry.npmjs.org/marked/-/marked-1.1.0.tgz",
      "integrity": "sha512-EkE7RW6KcXfMHy2PA7Jg0YJE1l8UPEZE8k45tylzmZM30/r1M1MUXWQfJlrSbsTeh7m/XTwHbWUENvAJZpp1YA=="
    },
    "material-design-icons": {
      "version": "3.0.1",
      "resolved": "https://registry.npmjs.org/material-design-icons/-/material-design-icons-3.0.1.tgz",
      "integrity": "sha1-mnHEh0chjrylHlGmbaaCA4zct78="
    },
    "mkdirp": {
      "version": "1.0.4",
      "resolved": "https://registry.npmjs.org/mkdirp/-/mkdirp-1.0.4.tgz",
      "integrity": "sha512-vVqVZQyf3WLx2Shd0qJ9xuvqgAyKPLAiqITEtqW0oIUjzo3PePDd6fW9iFz30ef7Ysp/oiWqbhszeGWW2T6Gzw=="
    },
    "ms": {
      "version": "2.0.0",
      "resolved": "https://registry.npmjs.org/ms/-/ms-2.0.0.tgz",
      "integrity": "sha1-VgiurfwAvmwpAd9fmGF4jeDVl8g="
    },
    "pdfjs-dist": {
      "version": "2.4.456",
      "resolved": "https://registry.npmjs.org/pdfjs-dist/-/pdfjs-dist-2.4.456.tgz",
      "integrity": "sha512-yckJEHq3F48hcp6wStEpbN9McOj328Ib09UrBlGAKxvN2k+qYPN5iq6TH6jD1C0pso7zTep+g/CKsYgdrQd5QA=="
    },
    "pwa-helpers": {
      "version": "0.9.1",
      "resolved": "https://registry.npmjs.org/pwa-helpers/-/pwa-helpers-0.9.1.tgz",
      "integrity": "sha512-4sP/C9sSxQ3w80AATmvCEI3R+MHzCwr2RSZEbLyMkeJgV3cRk7ySZRUrQnBDSA7A0/z6dkYtjuXlkhN1ZFw3iA=="
    },
    "redux": {
      "version": "4.0.5",
      "resolved": "https://registry.npmjs.org/redux/-/redux-4.0.5.tgz",
      "integrity": "sha512-VSz1uMAH24DM6MF72vcojpYPtrTUu3ByVWfPL1nPfVRb5mZVTve5GnNCUV53QM/BZ66xfWrm0CTWoM+Xlz8V1w==",
      "requires": {
        "loose-envify": "^1.4.0",
        "symbol-observable": "^1.2.0"
      }
    },
    "redux-thunk": {
      "version": "2.3.0",
      "resolved": "https://registry.npmjs.org/redux-thunk/-/redux-thunk-2.3.0.tgz",
      "integrity": "sha512-km6dclyFnmcvxhAcrQV2AkZmPQjzPDjgVlQtR0EQjxZPyJ0BnMf3in1ryuR8A2qU0HldVRfxYXbFSKlI3N7Slw=="
    },
    "symbol-observable": {
      "version": "1.2.0",
      "resolved": "https://registry.npmjs.org/symbol-observable/-/symbol-observable-1.2.0.tgz",
      "integrity": "sha512-e900nM8RRtGhlV36KGEU9k65K3mPb1WV70OdjfxlG2EAuM1noi/E/BaW/uMhL7bPEssK8QV57vN3esixjUvcXQ=="
    },
    "to-fast-properties": {
      "version": "2.0.0",
      "resolved": "https://registry.npmjs.org/to-fast-properties/-/to-fast-properties-2.0.0.tgz",
      "integrity": "sha1-3F5pjL0HkmW8c+A3doGk5Og/YW4="
    },
    "web-animations-js": {
      "version": "2.3.2",
      "resolved": "https://registry.npmjs.org/web-animations-js/-/web-animations-js-2.3.2.tgz",
      "integrity": "sha512-TOMFWtQdxzjWp8qx4DAraTWTsdhxVSiWa6NkPFSaPtZ1diKUxTn4yTix73A1euG1WbSOMMPcY51cnjTIHrGtDA=="
    }
  }
}
